
Microsoft Visual Studio Solution File, Format Version 12.00
# Visual Studio Version 17
VisualStudioVersion = 17.12.35209.166
MinimumVisualStudioVersion = 10.0.40219.1
Project("{FAE04EC0-301F-11D3-BF4B-00C04F79EFBC}") = "MinerPulse", "MinerPulse.csproj", "{D0E4D68D-798F-4A74-BF50-061CFB5F8352}"
EndProject
Global
	GlobalSection(SolutionConfigurationPlatforms) = preSolution
		Debug|Any CPU = Debug|Any CPU
		Release|Any CPU = Release|Any CPU
	EndGlobalSection
	GlobalSection(ProjectConfigurationPlatforms) = postSolution
		{D0E4D68D-798F-4A74-BF50-061CFB5F8352}.Debug|Any CPU.ActiveCfg = Debug|Any CPU
		{D0E4D68D-798F-4A74-BF50-061CFB5F8352}.Debug|Any CPU.Build.0 = Debug|Any CPU
		{D0E4D68D-798F-4A74-BF50-061CFB5F8352}.Release|Any CPU.ActiveCfg = Release|Any CPU
		{D0E4D68D-798F-4A74-BF50-061CFB5F8352}.Release|Any CPU.Build.0 = Release|Any CPU
	EndGlobalSection
	GlobalSection(SolutionProperties) = preSolution
		HideSolutionNode = FALSE
	EndGlobalSection
	GlobalSection(ExtensibilityGlobals) = postSolution
		SolutionGuid = {9E0DAC3D-7312-4E99-8451-D03442872B9E}
	EndGlobalSection
EndGlobal
